
Microsoft Visual Studio Solution File, Format Version 12.00
# Visual Studio Version 17
VisualStudioVersion = 17.3.32922.545
MinimumVisualStudioVersion = 10.0.40219.1
Project("{FAE04EC0-301F-11D3-BF4B-00C04F79EFBC}") = "Harjoitus3", "Harjoitus3\Harjoitus3.csproj", "{E047AB2F-41B4-4DA8-9710-1181DF479845}"
EndProject
Global
	GlobalSection(SolutionConfigurationPlatforms) = preSolution
		Debug|Any CPU = Debug|Any CPU
		Release|Any CPU = Release|Any CPU
	EndGlobalSection
	GlobalSection(ProjectConfigurationPlatforms) = postSolution
		{E047AB2F-41B4-4DA8-9710-1181DF479845}.Debug|Any CPU.ActiveCfg = Debug|Any CPU
		{E047AB2F-41B4-4DA8-9710-1181DF479845}.Debug|Any CPU.Build.0 = Debug|Any CPU
		{E047AB2F-41B4-4DA8-9710-1181DF479845}.Release|Any CPU.ActiveCfg = Release|Any CPU
		{E047AB2F-41B4-4DA8-9710-1181DF479845}.Release|Any CPU.Build.0 = Release|Any CPU
	EndGlobalSection
	GlobalSection(SolutionProperties) = preSolution
		HideSolutionNode = FALSE
	EndGlobalSection
	GlobalSection(ExtensibilityGlobals) = postSolution
		SolutionGuid = {D8C604DD-7EAE-4CEF-9B93-DA24FF99F7AB}
	EndGlobalSection
EndGlobal
